version = 1
revision = 3
requires-python = "==3.13.*"

[options]
exclude-newer = "0001-01-01T00:00:00Z" # This has no effect and is included for backwards compatibility when using relative exclude-newer values.
exclude-newer-span = "P7D"

[[package]]
name = "annotated-types"
version = "0.7.0"
source = { registry = "https://pypi.org/simple" }
sdist = { url = "https://files.pythonhosted.org/packages/ee/67/531ea369ba64dcff5ec9c3402f9f51bf748cec26dde048a2f973a4eea7f5/annotated_types-0.7.0.tar.gz", hash = "sha256:aff07c09a53a08bc8cfccb9c85b05f1aa9a2a6f23728d790723543408344ce89", size = 16081, upload-time = "2024-05-20T21:33:25.928Z" }
wheels = [
    { url = "https://files.pythonhosted.org/packages/78/b6/6307fbef88d9b5ee7421e68d78a9f162e0da4900bc5f5793f6d3d0e34fb8/annotated_types-0.7.0-py3-none-any.whl", hash = "sha256:1f02e8b43a8fbbc3f3e0d4f0f4bfc8131bcb4eebe8849b8e5c773f3a1c582a53", size = 13643, upload-time = "2024-05-20T21:33:24.1Z" },
]

[[package]]
name = "anyio"
version = "4.14.2"
source = { registry = "https://pypi.org/simple" }
dependencies = [
    { name = "idna" },
]
sdist = { url = "https://files.pythonhosted.org/packages/61/cc/a381afa6efea9f496eff839d4a6a1aed3bfafc7b3ab4b0d1b243a12573dd/anyio-4.14.2.tar.gz", hash = "sha256:cfa139f3ed1a23ee8f88a145ddb5ac7605b8bbfd8592baacd7ce3d8bb4313c7f", size = 260176, upload-time = "2026-07-12T20:29:07.082Z" }
wheels = [
    { url = "https://files.pythonhosted.org/packages/da/35/f2287558c17e29fafc8ef3daf819bb9834061cfa43bff8014f7df7f63bdc/anyio-4.14.2-py3-none-any.whl", hash = "sha256:9f505dda5ac9f0c8309b5e8bd445a8c2bf7246f3ce950121e45ea15bc41d1494", size = 125813, upload-time = "2026-07-12T20:29:05.763Z" },
]

[[package]]
name = "certifi"
version = "2026.6.17"
source = { registry = "https://pypi.org/simple" }
sdist = { url = "https://files.pythonhosted.org/packages/c9/c7/424b75da314c1045981bd9777432fad05a9e0c69daa4ed7e308bbaffe405/certifi-2026.6.17.tar.gz", hash = "sha256:024c88eeec92ca068db80f02b8b07c9cef7b9fe261d1d535abfd5abd6f6af432", size = 134594, upload-time = "2026-06-17T10:31:07.894Z" }
wheels = [
    { url = "https://files.pythonhosted.org/packages/ef/2f/c5464532e965badff2f4c4c1a3a83f5697f0d7c407ed0cda44aaa99bb451/certifi-2026.6.17-py3-none-any.whl", hash = "sha256:2227dcbaafe0d2f59279d1762ddddc37783ed4354594f194ffc31d20f41fc3db", size = 133289, upload-time = "2026-06-17T10:31:06.348Z" },
]

[[package]]
name = "colorama"
version = "0.4.6"
source = { registry = "https://pypi.org/simple" }
sdist = { url = "https://files.pythonhosted.org/packages/d8/53/6f443c9a4a8358a93a6792e2acffb9d9d5cb0a5cfd8802644b7b1c9a02e4/colorama-0.4.6.tar.gz", hash = "sha256:08695f5cb7ed6e0531a20572697297273c47b8cae5a63ffc6d6ed5c201be6e44", size = 27697, upload-time = "2022-10-25T02:36:22.414Z" }
wheels = [
    { url = "https://files.pythonhosted.org/packages/d1/d6/3965ed04c63042e047cb6a3e6ed1a63a35087b6a609aa3a15ed8ac56c221/colorama-0.4.6-py2.py3-none-any.whl", hash = "sha256:4f1d9991f5acc0ca119f9d443620b77f9d6b33703e51011c16baf57afb285fc6", size = 25335, upload-time = "2022-10-25T02:36:20.889Z" },
]

[[package]]
name = "execnet"
version = "2.1.2"
source = { registry = "https://pypi.org/simple" }
sdist = { url = "https://files.pythonhosted.org/packages/bf/89/780e11f9588d9e7128a3f87788354c7946a9cbb1401ad38a48c4db9a4f07/execnet-2.1.2.tar.gz", hash = "sha256:63d83bfdd9a23e35b9c6a3261412324f964c2ec8dcd8d3c6916ee9373e0befcd", size = 166622, upload-time = "2025-11-12T09:56:37.75Z" }
wheels = [
    { url = "https://files.pythonhosted.org/packages/ab/84/02fc1827e8cdded4aa65baef11296a9bbe595c474f0d6d758af082d849fd/execnet-2.1.2-py3-none-any.whl", hash = "sha256:67fba928dd5a544b783f6056f449e5e3931a5c378b128bc18501f7ea79e296ec", size = 40708, upload-time = "2025-11-12T09:56:36.333Z" },
]

[[package]]
name = "gepa"
version = "0.1.4"
source = { registry = "https://pypi.org/simple" }
sdist = { url = "https://files.pythonhosted.org/packages/95/56/925779e5690971f1b022f7d107caf015c33ec09560261273ec137e23a8f2/gepa-0.1.4.tar.gz", hash = "sha256:6dd153a676ae5481764860d19286a9c0e8ddb5ef70d7f13044faf24978bdb6b8", size = 351343, upload-time = "2026-07-15T14:53:59.929Z" }
wheels = [
    { url = "https://files.pythonhosted.org/packages/fd/77/5b3a281cfd9caaa9e68349b434cf27f1ca448003ee0067a1ae2184dc52d1/gepa-0.1.4-py3-none-any.whl", hash = "sha256:12b971039599625c156d2231f6d72a29c31a22e9c237689459b5f1a3c353f532", size = 290167, upload-time = "2026-07-15T14:53:58.422Z" },
]

[[package]]
name = "h11"
version = "0.16.0"
source = { registry = "https://pypi.org/simple" }
sdist = { url = "https://files.pythonhosted.org/packages/01/ee/02a2c011bdab74c6fb3c75474d40b3052059d95df7e73351460c8588d963/h11-0.16.0.tar.gz", hash = "sha256:4e35b956cf45792e4caa5885e69fba00bdbc6ffafbfa020300e549b208ee5ff1", size = 101250, upload-time = "2025-04-24T03:35:25.427Z" }
wheels = [
    { url = "https://files.pythonhosted.org/packages/04/4b/29cac41a4d98d144bf5f6d33995617b185d14b22401f75ca86f384e87ff1/h11-0.16.0-py3-none-any.whl", hash = "sha256:63cf8bbe7522de3bf65932fda1d9c2772064ffb3dae62d55932da54b31cb6c86", size = 37515, upload-time = "2025-04-24T03:35:24.344Z" },
]

[[package]]
name = "httpcore"
version = "1.0.9"
source = { registry = "https://pypi.org/simple" }
dependencies = [
    { name = "certifi" },
    { name = "h11" },
]
sdist = { url = "https://files.pythonhosted.org/packages/06/94/82699a10bca87a5556c9c59b5963f2d039dbd239f25bc2a63907a05a14cb/httpcore-1.0.9.tar.gz", hash = "sha256:6e34463af53fd2ab5d807f399a9b45ea31c3dfa2276f15a2c3f00afff6e176e8", size = 85484, upload-time = "2025-04-24T22:06:22.219Z" }
wheels = [
    { url = "https://files.pythonhosted.org/packages/7e/f5/f66802a942d491edb555dd61e3a9961140fd64c90bce1eafd741609d334d/httpcore-1.0.9-py3-none-any.whl", hash = "sha256:2d400746a40668fc9dec9810239072b40b4484b640a8c38fd654a024c7a1bf55", size = 78784, upload-time = "2025-04-24T22:06:20.566Z" },
]

[[package]]
name = "httpx"
version = "0.28.1"
source = { registry = "https://pypi.org/simple" }
dependencies = [
    { name = "anyio" },
    { name = "certifi" },
    { name = "httpcore" },
    { name = "idna" },
]
sdist = { url = "https://files.pythonhosted.org/packages/b1/df/48c586a5fe32a0f01324ee087459e112ebb7224f646c0b5023f5e79e9956/httpx-0.28.1.tar.gz", hash = "sha256:75e98c5f16b0f35b567856f597f06ff2270a374470a5c2392242528e3e3e42fc", size = 141406, upload-time = "2024-12-06T15:37:23.222Z" }
wheels = [
    { url = "https://files.pythonhosted.org/packages/2a/39/e50c7c3a983047577ee07d2a9e53faf5a69493943ec3f6a384bdc792deb2/httpx-0.28.1-py3-none-any.whl", hash = "sha256:d909fcccc110f8c7faf814ca82a9a4d816bc5a6dbfea25d6591d6985b8ba59ad", size = 73517, upload-time = "2024-12-06T15:37:21.509Z" },
]

[[package]]
name = "idna"
version = "3.18"
source = { registry = "https://pypi.org/simple" }
sdist = { url = "https://files.pythonhosted.org/packages/cd/63/9496c57188a2ee585e0f1db071d75089a11e98aa86eb99d9d7618fc1edce/idna-3.18.tar.gz", hash = "sha256:ffb385a7e039654cef1ab9ef32c6fafe283c0c0467bba1d9029738ce4a14a848", size = 196711, upload-time = "2026-06-02T14:34:07.794Z" }
wheels = [
    { url = "https://files.pythonhosted.org/packages/1e/5e/d4e9f1a599fb8e573b7b87160658329fbf28d19eac2718f51fc3def3aa5a/idna-3.18-py3-none-any.whl", hash = "sha256:7f952cbe720b688055e3f87de14f5c3e5fdaa8bc3928985c4077ca689de849a2", size = 65455, upload-time = "2026-06-02T14:34:06.319Z" },
]

[[package]]
name = "iniconfig"
version = "2.3.0"
source = { registry = "https://pypi.org/simple" }
sdist = { url = "https://files.pythonhosted.org/packages/72/34/14ca021ce8e5dfedc35312d08ba8bf51fdd999c576889fc2c24cb97f4f10/iniconfig-2.3.0.tar.gz", hash = "sha256:c76315c77db068650d49c5b56314774a7804df16fee4402c1f19d6d15d8c4730", size = 20503, upload-time = "2025-10-18T21:55:43.219Z" }
wheels = [
    { url = "https://files.pythonhosted.org/packages/cb/b1/3846dd7f199d53cb17f49cba7e651e9ce294d8497c8c150530ed11865bb8/iniconfig-2.3.0-py3-none-any.whl", hash = "sha256:f631c04d2c48c52b84d0d0549c99ff3859c98df65b3101406327ecc7d53fbf12", size = 7484, upload-time = "2025-10-18T21:55:41.639Z" },
]

[[package]]
name = "latitude-op-gepa"
version = "0.1.0"
source = { virtual = "." }
dependencies = [
    { name = "gepa" },
    { name = "pydantic" },
    { name = "typing-extensions" },
]

[package.dev-dependencies]
dev = [
    { name = "psutil" },
    { name = "pyright" },
    { name = "pytest" },
    { name = "pytest-asyncio" },
    { name = "pytest-xdist" },
    { name = "respx" },
    { name = "ruff" },
    { name = "sh" },
]

[package.metadata]
requires-dist = [
    { name = "gepa", specifier = "==0.1.4" },
    { name = "pydantic", specifier = "==2.13.5" },
    { name = "typing-extensions", specifier = "==4.16.0" },
]

[package.metadata.requires-dev]
dev = [
    { name = "psutil", specifier = "==7.2.2" },
    { name = "pyright", specifier = "==1.1.411" },
    { name = "pytest", specifier = "==9.1.1" },
    { name = "pytest-asyncio", specifier = "==1.4.0" },
    { name = "pytest-xdist", specifier = "==3.8.0" },
    { name = "respx", specifier = "==0.23.1" },
    { name = "ruff", specifier = "==0.16.5" },
    { name = "sh", specifier = "==2.4.0" },
]

[[package]]
name = "nodeenv"
version = "1.10.0"
source = { registry = "https://pypi.org/simple" }
sdist = { url = "https://files.pythonhosted.org/packages/24/bf/d1bda4f6168e0b2e9e5958945e01910052158313224ada5ce1fb2e1113b8/nodeenv-1.10.0.tar.gz", hash = "sha256:996c191ad80897d076bdfba80a41994c2b47c68e224c542b48feba42ba00f8bb", size = 55611, upload-time = "2025-12-20T14:08:54.006Z" }
wheels = [
    { url = "https://files.pythonhosted.org/packages/88/b2/d0896bdcdc8d28a7fc5717c305f1a861c26e18c05047949fb371034d98bd/nodeenv-1.10.0-py2.py3-none-any.whl", hash = "sha256:5bb13e3eed2923615535339b3c620e76779af4cb4c6a90deccc9e36b274d3827", size = 23438, upload-time = "2025-12-20T14:08:52.782Z" },
]

[[package]]
name = "packaging"
version = "26.2"
source = { registry = "https://pypi.org/simple" }
sdist = { url = "https://files.pythonhosted.org/packages/d7/f1/e7a6dd94a8d4a5626c03e4e99c87f241ba9e350cd9e6d75123f992427270/packaging-26.2.tar.gz", hash = "sha256:ff452ff5a3e828ce110190feff1178bb1f2ea2281fa2075aadb987c2fb221661", size = 228134, upload-time = "2026-04-24T20:15:23.917Z" }
wheels = [
    { url = "https://files.pythonhosted.org/packages/df/b2/87e62e8c3e2f4b32e5fe99e0b86d576da1312593b39f47d8ceef365e95ed/packaging-26.2-py3-none-any.whl", hash = "sha256:5fc45236b9446107ff2415ce77c807cee2862cb6fac22b8a73826d0693b0980e", size = 100195, upload-time = "2026-04-24T20:15:22.081Z" },
]

[[package]]
name = "pluggy"
version = "1.6.0"
source = { registry = "https://pypi.org/simple" }
sdist = { url = "https://files.pythonhosted.org/packages/f9/e2/3e91f31a7d2b083fe6ef3fa267035b518369d9511ffab804f839851d2779/pluggy-1.6.0.tar.gz", hash = "sha256:7dcc130b76258d33b90f61b658791dede3486c3e6bfb003ee5c9bfb396dd22f3", size = 69412, upload-time = "2025-05-15T12:30:07.975Z" }
wheels = [
    { url = "https://files.pythonhosted.org/packages/54/20/4d324d65cc6d9205fabedc306948156824eb9f0ee1633355a8f7ec5c66bf/pluggy-1.6.0-py3-none-any.whl", hash = "sha256:e920276dd6813095e9377c0bc5566d94c932c33b27a3e3945d8389c374dd4746", size = 20538, upload-time = "2025-05-15T12:30:06.134Z" },
]

[[package]]
name = "psutil"
version = "7.2.2"
source = { registry = "https://pypi.org/simple" }
sdist = { url = "https://files.pythonhosted.org/packages/aa/c6/d1ddf4abb55e93cebc4f2ed8b5d6dbad109ecb8d63748dd2b20ab5e57ebe/psutil-7.2.2.tar.gz", hash = "sha256:0746f5f8d406af344fd547f1c8daa5f5c33dbc293bb8d6a16d80b4bb88f59372", size = 493740, upload-time = "2026-01-28T18:14:54.428Z" }
wheels = [
    { url = "https://files.pythonhosted.org/packages/51/08/510cbdb69c25a96f4ae523f733cdc963ae654904e8db864c07585ef99875/psutil-7.2.2-cp313-cp313t-macosx_10_13_x86_64.whl", hash = "sha256:2edccc433cbfa046b980b0df0171cd25bcaeb3a68fe9022db0979e7aa74a826b", size = 130595, upload-time = "2026-01-28T18:14:57.293Z" },
    { url = "https://files.pythonhosted.org/packages/d6/f5/97baea3fe7a5a9af7436301f85490905379b1c6f2dd51fe3ecf24b4c5fbf/psutil-7.2.2-cp313-cp313t-macosx_11_0_arm64.whl", hash = "sha256:e78c8603dcd9a04c7364f1a3e670cea95d51ee865e4efb3556a3a63adef958ea", size = 131082, upload-time = "2026-01-28T18:14:59.732Z" },
    { url = "https://files.pythonhosted.org/packages/37/d6/246513fbf9fa174af531f28412297dd05241d97a75911ac8febefa1a53c6/psutil-7.2.2-cp313-cp313t-manylinux2010_x86_64.manylinux_2_12_x86_64.manylinux_2_28_x86_64.whl", hash = "sha256:1a571f2330c966c62aeda00dd24620425d4b0cc86881c89861fbc04549e5dc63", size = 181476, upload-time = "2026-01-28T18:15:01.884Z" },
    { url = "https://files.pythonhosted.org/packages/b8/b5/9182c9af3836cca61696dabe4fd1304e17bc56cb62f17439e1154f225dd3/psutil-7.2.2-cp313-cp313t-manylinux2014_aarch64.manylinux_2_17_aarch64.manylinux_2_28_aarch64.whl", hash = "sha256:917e891983ca3c1887b4ef36447b1e0873e70c933afc831c6b6da078ba474312", size = 184062, upload-time = "2026-01-28T18:15:04.436Z" },
    { url = "https://files.pythonhosted.org/packages/16/ba/0756dca669f5a9300d0cbcbfae9a4c30e446dfc7440ffe43ded5724bfd93/psutil-7.2.2-cp313-cp313t-win_amd64.whl", hash = "sha256:ab486563df44c17f5173621c7b198955bd6b613fb87c71c161f827d3fb149a9b", size = 139893, upload-time = "2026-01-28T18:15:06.378Z" },
    { url = "https://files.pythonhosted.org/packages/1c/61/8fa0e26f33623b49949346de05ec1ddaad02ed8ba64af45f40a147dbfa97/psutil-7.2.2-cp313-cp313t-win_arm64.whl", hash = "sha256:ae0aefdd8796a7737eccea863f80f81e468a1e4cf14d926bd9b6f5f2d5f90ca9", size = 135589, upload-time = "2026-01-28T18:15:08.03Z" },
    { url = "https://files.pythonhosted.org/packages/e7/36/5ee6e05c9bd427237b11b3937ad82bb8ad2752d72c6969314590dd0c2f6e/psutil-7.2.2-cp36-abi3-macosx_10_9_x86_64.whl", hash = "sha256:ed0cace939114f62738d808fdcecd4c869222507e266e574799e9c0faa17d486", size = 129090, upload-time = "2026-01-28T18:15:22.168Z" },
    { url = "https://files.pythonhosted.org/packages/80/c4/f5af4c1ca8c1eeb2e92ccca14ce8effdeec651d5ab6053c589b074eda6e1/psutil-7.2.2-cp36-abi3-macosx_11_0_arm64.whl", hash = "sha256:1a7b04c10f32cc88ab39cbf606e117fd74721c831c98a27dc04578deb0c16979", size = 129859, upload-time = "2026-01-28T18:15:23.795Z" },
    { url = "https://files.pythonhosted.org/packages/b5/70/5d8df3b09e25bce090399cf48e452d25c935ab72dad19406c77f4e828045/psutil-7.2.2-cp36-abi3-manylinux2010_x86_64.manylinux_2_12_x86_64.manylinux_2_28_x86_64.whl", hash = "sha256:076a2d2f923fd4821644f5ba89f059523da90dc9014e85f8e45a5774ca5bc6f9", size = 155560, upload-time = "2026-01-28T18:15:25.976Z" },
    { url = "https://files.pythonhosted.org/packages/63/65/37648c0c158dc222aba51c089eb3bdfa238e621674dc42d48706e639204f/psutil-7.2.2-cp36-abi3-manylinux2014_aarch64.manylinux_2_17_aarch64.manylinux_2_28_aarch64.whl", hash = "sha256:b0726cecd84f9474419d67252add4ac0cd9811b04d61123054b9fb6f57df6e9e", size = 156997, upload-time = "2026-01-28T18:15:27.794Z" },
    { url = "https://files.pythonhosted.org/packages/8e/13/125093eadae863ce03c6ffdbae9929430d116a246ef69866dad94da3bfbc/psutil-7.2.2-cp36-abi3-musllinux_1_2_aarch64.whl", hash = "sha256:fd04ef36b4a6d599bbdb225dd1d3f51e00105f6d48a28f006da7f9822f2606d8", size = 148972, upload-time = "2026-01-28T18:15:29.342Z" },
    { url = "https://files.pythonhosted.org/packages/04/78/0acd37ca84ce3ddffaa92ef0f571e073faa6d8ff1f0559ab1272188ea2be/psutil-7.2.2-cp36-abi3-musllinux_1_2_x86_64.whl", hash = "sha256:b58fabe35e80b264a4e3bb23e6b96f9e45a3df7fb7eed419ac0e5947c61e47cc", size = 148266, upload-time = "2026-01-28T18:15:31.597Z" },
    { url = "https://files.pythonhosted.org/packages/b4/90/e2159492b5426be0c1fef7acba807a03511f97c5f86b3caeda6ad92351a7/psutil-7.2.2-cp37-abi3-win_amd64.whl", hash = "sha256:eb7e81434c8d223ec4a219b5fc1c47d0417b12be7ea866e24fb5ad6e84b3d988", size = 137737, upload-time = "2026-01-28T18:15:33.849Z" },
    { url = "https://files.pythonhosted.org/packages/8c/c7/7bb2e321574b10df20cbde462a94e2b71d05f9bbda251ef27d104668306a/psutil-7.2.2-cp37-abi3-win_arm64.whl", hash = "sha256:8c233660f575a5a89e6d4cb65d9f938126312bca76d8fe087b947b3a1aaac9ee", size = 134617, upload-time = "2026-01-28T18:15:36.514Z" },
]

[[package]]
name = "pydantic"
version = "2.13.5"
source = { registry = "https://pypi.org/simple" }
dependencies = [
    { name = "annotated-types" },
    { name = "pydantic-core" },
    { name = "typing-extensions" },
    { name = "typing-inspection" },
]
sdist = { url = "https://files.pythonhosted.org/packages/53/ef/fc4f868f4e2cee79f863883abffceff107875f569b848507319842d2a681/pydantic-2.13.5.tar.gz", hash = "sha256:51a9c5f7b2f8e636f04c6cada605d9b6a3bf1348fdf945a3d8869b19bba0ee08", size = 845750, upload-time = "2026-08-28T14:04:00.916Z" }
wheels = [
    { url = "https://files.pythonhosted.org/packages/eb/47/c95ffc2009878c7aac0c5e08528022dcb885933252a88b5f170058014464/pydantic-2.13.5-py3-none-any.whl", hash = "sha256:346a034f080da3755d8e9cb5e00e8b07de1d39e4f6e2c87d8ab7cafa0b269a73", size = 472589, upload-time = "2026-08-28T14:03:59.136Z" },
]

[[package]]
name = "pydantic-core"
version = "2.46.5"
source = { registry = "https://pypi.org/simple" }
dependencies = [
    { name = "typing-extensions" },
]
sdist = { url = "https://files.pythonhosted.org/packages/af/f9/8a06bea35ef8daf588f707784c973a7046e0034c8d8cfb08828eeffb8b75/pydantic_core-2.46.5.tar.gz", hash = "sha256:10416c15b8839ecc4ef4d0885da76da6fd0f67333a0eb8aff6d93c4b8f2910fc", size = 472262, upload-time = "2026-08-28T10:01:31.677Z" }
wheels = [
    { url = "https://files.pythonhosted.org/packages/f5/37/5abe39a8372a61d3dc3c1338fc504281c01b32fdb3169cd7187153b56d3e/pydantic_core-2.46.5-cp313-cp313-macosx_10_12_x86_64.whl", hash = "sha256:b7ca9034437b6022f941f4857459562ee00a560b97e7cce8a0ec5a74fc6766e0", size = 2075885, upload-time = "2026-08-28T09:58:47.856Z" },
    { url = "https://files.pythonhosted.org/packages/21/43/6323b1f8b217780454c61304bcd2b38ae4762f50754414124603ccc90bb2/pydantic_core-2.46.5-cp313-cp313-macosx_11_0_arm64.whl", hash = "sha256:f332f0e72a5a0400141f830744e141bf9f97917878dbe968669e8a7fefea78ff", size = 1922768, upload-time = "2026-08-28T09:58:49.58Z" },
    { url = "https://files.pythonhosted.org/packages/0f/a3/c05ca796e1197618a774b01e596aeedfefc2f7d8c01ae3054e910b120e8a/pydantic_core-2.46.5-cp313-cp313-manylinux_2_17_aarch64.manylinux2014_aarch64.whl", hash = "sha256:193375f3548919d3f0b60936ca113ada3e38f264f91b9b8e0508efaad57be931", size = 1951241, upload-time = "2026-08-28T09:58:51.511Z" },
    { url = "https://files.pythonhosted.org/packages/68/32/33bc39ac705c52cffc908e8389f9754fdb208aea5c69cceddf4eb3ce99af/pydantic_core-2.46.5-cp313-cp313-manylinux_2_17_armv7l.manylinux2014_armv7l.whl", hash = "sha256:79bdfa52f843137045b2d081cc05c120ba6665d29b7559c2c47690906f39279f", size = 2031975, upload-time = "2026-08-28T09:58:53.166Z" },
    { url = "https://files.pythonhosted.org/packages/b0/70/2333e885c0f6a67bc105c5916965dac9b57f2718ee20d81d1a06a4ebdc13/pydantic_core-2.46.5-cp313-cp313-manylinux_2_17_ppc64le.manylinux2014_ppc64le.whl", hash = "sha256:24922243639cbdac66c75fcb6fd6495a9cb52b213d62f9a0d16f0310b1ff8038", size = 2208542, upload-time = "2026-08-28T09:58:55.017Z" },
    { url = "https://files.pythonhosted.org/packages/f7/ea/296debfb4264207bbda5936133892e027c0a58875ad53ebd512fba8ec3a2/pydantic_core-2.46.5-cp313-cp313-manylinux_2_17_s390x.manylinux2014_s390x.whl", hash = "sha256:c76fe65e607be28c7fd4d56fc3c42b1583aa058ce3408b7ad0fd540171d31f9f", size = 2264692, upload-time = "2026-08-28T09:58:56.767Z" },
    { url = "https://files.pythonhosted.org/packages/d3/f2/9e4de77a6271e07a76d2d58b11c091a979c191ed2939bf80067568b369d2/pydantic_core-2.46.5-cp313-cp313-manylinux_2_17_x86_64.manylinux2014_x86_64.whl", hash = "sha256:6f7b393a8b3da82f5c1fc0751e6d01ac6c55b93c18226a60bdfba4a724efafd1", size = 2066633, upload-time = "2026-08-28T09:58:58.531Z" },
    { url = "https://files.pythonhosted.org/packages/8d/db/f9e9d0c97445987b2084823d5c240de88087338f04fc2cfaa2df186b8049/pydantic_core-2.46.5-cp313-cp313-manylinux_2_31_riscv64.whl", hash = "sha256:7ac031912d54f3d83ef3b3eb98dfabc1608802e2202263d25957eeed40b94761", size = 2105235, upload-time = "2026-08-28T09:59:00.421Z" },
    { url = "https://files.pythonhosted.org/packages/07/c5/79169b047b3b2c3e99e04bc76372af9637e0bf6db638274fa927df96369e/pydantic_core-2.46.5-cp313-cp313-manylinux_2_5_i686.manylinux1_i686.whl", hash = "sha256:837b396ca3d7b74091ca623f6cbd8351bd42d670a79c2683e79fb089f06a2de5", size = 2157367, upload-time = "2026-08-28T09:59:02.442Z" },
    { url = "https://files.pythonhosted.org/packages/26/b5/ba6057afb7c291bd449f51b867f95aef2072941c4ce4e5c31d6ffd132d3b/pydantic_core-2.46.5-cp313-cp313-musllinux_1_1_aarch64.whl", hash = "sha256:5ee239d575f80b08eca11f6e20f90c4c695de7825c67eefe6091fbf20dda648e", size = 2158420, upload-time = "2026-08-28T09:59:04.2Z" },
    { url = "https://files.pythonhosted.org/packages/6e/28/2057abecaafdc22912afa819603a51f0a62d40643b7c4871c51721fea9be/pydantic_core-2.46.5-cp313-cp313-musllinux_1_1_armv7l.whl", hash = "sha256:e80675d75ae2cd14372cb65cad5400d9347a3d3f6c13000183f22dfd027283ed", size = 2309588, upload-time = "2026-08-28T09:59:06.048Z" },
    { url = "https://files.pythonhosted.org/packages/71/9d/881156dc404e27479c4246128d73538464cab4a239bec61995e227644c30/pydantic_core-2.46.5-cp313-cp313-musllinux_1_1_x86_64.whl", hash = "sha256:9c4b71f10dd532fb7a5cbc8f58707779e64f03a258c2bf8bfbaecfcd9970b519", size = 2341866, upload-time = "2026-08-28T09:59:08.539Z" },
    { url = "https://files.pythonhosted.org/packages/5a/38/d66f443a259f84d13babdceae568e572b0ed26da17ca5d0a649ebb110a67/pydantic_core-2.46.5-cp313-cp313-win32.whl", hash = "sha256:97bf8de4d541598c94a59344eeb988a94c08ff76b5723c41f6567ec18c7892ea", size = 1938580, upload-time = "2026-08-28T09:59:10.402Z" },
    { url = "https://files.pythonhosted.org/packages/2c/1e/1d5371213f4cc9a7ed70c0bfcc7911de22311ee99a662a56077d7292d2ac/pydantic_core-2.46.5-cp313-cp313-win_amd64.whl", hash = "sha256:15f4a94963c95accac15b7b657bb177d3ad82bb90b0d0526d9a9b85079925db5", size = 2041980, upload-time = "2026-08-28T09:59:12.396Z" },
    { url = "https://files.pythonhosted.org/packages/5a/48/4222d90b1c67568bace4dec6dca6271449c66de3595d72b6d098f5fde597/pydantic_core-2.46.5-cp313-cp313-win_arm64.whl", hash = "sha256:d22a945598fb91236b4dd793a6e42e4f3dd7740bb5aace5ebd7d4c08d13bb575", size = 1997213, upload-time = "2026-08-28T09:59:14.245Z" },
]

[[package]]
name = "pygments"
version = "2.20.0"
source = { registry = "https://pypi.org/simple" }
sdist = { url = "https://files.pythonhosted.org/packages/c3/b2/bc9c9196916376152d655522fdcebac55e66de6603a76a02bca1b6414f6c/pygments-2.20.0.tar.gz", hash = "sha256:6757cd03768053ff99f3039c1a36d6c0aa0b263438fcab17520b30a303a82b5f", size = 4955991, upload-time = "2026-03-29T13:29:33.898Z" }
wheels = [
    { url = "https://files.pythonhosted.org/packages/f4/7e/a72dd26f3b0f4f2bf1dd8923c85f7ceb43172af56d63c7383eb62b332364/pygments-2.20.0-py3-none-any.whl", hash = "sha256:81a9e26dd42fd28a23a2d169d86d7ac03b46e2f8b59ed4698fb4785f946d0176", size = 1231151, upload-time = "2026-03-29T13:29:30.038Z" },
]

[[package]]
name = "pyright"
version = "1.1.411"
source = { registry = "https://pypi.org/simple" }
dependencies = [
    { name = "nodeenv" },
    { name = "typing-extensions" },
]
sdist = { url = "https://files.pythonhosted.org/packages/7e/ab/265f7dc69d28113ebba19092e57b075f41543b2ed048429c5f56e2b88eac/pyright-1.1.411.tar.gz", hash = "sha256:d885a0551f2e763b089a02702174e7f4ba77548cddabc972ab86d1f7f1b0f998", size = 4112861, upload-time = "2026-06-25T02:14:06.37Z" }
wheels = [
    { url = "https://files.pythonhosted.org/packages/0a/49/385be530a6a5b78d1cbcd5c2e38debc8959a2fc6bdb716f4e581002979fc/pyright-1.1.411-py3-none-any.whl", hash = "sha256:dc7c72a8e2700c55baa127554040e067041ea53ccfd50bf96308cc4291c7d5d9", size = 6181526, upload-time = "2026-06-25T02:14:04.691Z" },
]

[[package]]
name = "pytest"
version = "9.1.1"
source = { registry = "https://pypi.org/simple" }
dependencies = [
    { name = "colorama", marker = "sys_platform == 'win32'" },
    { name = "iniconfig" },
    { name = "packaging" },
    { name = "pluggy" },
    { name = "pygments" },
]
sdist = { url = "https://files.pythonhosted.org/packages/e4/47/b9efed96c114afcfa3c9d3fe98a76a1d14c74a9e266d397cf6eb64be5e01/pytest-9.1.1.tar.gz", hash = "sha256:1088fbde8f2b49d95a549a195707afa7a76a3ce9bcadc26b6d71f0ffda5fe313", size = 1636369, upload-time = "2026-06-19T10:58:32.857Z" }
wheels = [
    { url = "https://files.pythonhosted.org/packages/24/25/1de2678b631f5a49215c6c96fff41ba892b0a34df68d6d80292b1b48aa7f/pytest-9.1.1-py3-none-any.whl", hash = "sha256:37a86b45efb9a47a61a36449063e8e18d0cab3161329fc099eb21783169c4f0c", size = 386536, upload-time = "2026-06-19T10:58:31.347Z" },
]

[[package]]
name = "pytest-asyncio"
version = "1.4.0"
source = { registry = "https://pypi.org/simple" }
dependencies = [
    { name = "pytest" },
]
sdist = { url = "https://files.pythonhosted.org/packages/43/7c/d36d04db312ecf4298932ef77e6e4a9e8ad017906e24e34f0b0c361a2473/pytest_asyncio-1.4.0.tar.gz", hash = "sha256:c6c0d2259945122819f171a32ecea2c349ead889ee28176caaf492143424be42", size = 58514, upload-time = "2026-05-26T09:56:04.083Z" }
wheels = [
    { url = "https://files.pythonhosted.org/packages/03/e2/08a497ef684b88559c9cc5f4ad53a37e7b99e727094a86d6ea32536d5d3c/pytest_asyncio-1.4.0-py3-none-any.whl", hash = "sha256:933ca923a23075a87fb7070c0ec272a6848489824d887c85c812670932835aa1", size = 16930, upload-time = "2026-05-26T09:56:02.576Z" },
]

[[package]]
name = "pytest-xdist"
version = "3.8.0"
source = { registry = "https://pypi.org/simple" }
dependencies = [
    { name = "execnet" },
    { name = "pytest" },
]
sdist = { url = "https://files.pythonhosted.org/packages/78/b4/439b179d1ff526791eb921115fca8e44e596a13efeda518b9d845a619450/pytest_xdist-3.8.0.tar.gz", hash = "sha256:7e578125ec9bc6050861aa93f2d59f1d8d085595d6551c2c90b6f4fad8d3a9f1", size = 88069, upload-time = "2025-07-01T13:30:59.346Z" }
wheels = [
    { url = "https://files.pythonhosted.org/packages/ca/31/d4e37e9e550c2b92a9cbc2e4d0b7420a27224968580b5a447f420847c975/pytest_xdist-3.8.0-py3-none-any.whl", hash = "sha256:202ca578cfeb7370784a8c33d6d05bc6e13b4f25b5053c30a152269fd10f0b88", size = 46396, upload-time = "2025-07-01T13:30:56.632Z" },
]

[[package]]
name = "respx"
version = "0.23.1"
source = { registry = "https://pypi.org/simple" }
dependencies = [
    { name = "httpx" },
]
sdist = { url = "https://files.pythonhosted.org/packages/43/98/4e55c9c486404ec12373708d015ebce157966965a5ebe7f28ff2c784d41b/respx-0.23.1.tar.gz", hash = "sha256:242dcc6ce6b5b9bf621f5870c82a63997e8e82bc7c947f9ffe272b8f3dd5a780", size = 29243, upload-time = "2026-04-08T14:37:16.008Z" }
wheels = [
    { url = "https://files.pythonhosted.org/packages/1d/4a/221da6ca167db45693d8d26c7dc79ccfc978a440251bf6721c9aaf251ac0/respx-0.23.1-py2.py3-none-any.whl", hash = "sha256:b18004b029935384bccfa6d7d9d74b4ec9af73a081cc28600fffc0447f4b8c1a", size = 25557, upload-time = "2026-04-08T14:37:14.613Z" },
]

[[package]]
name = "ruff"
version = "0.16.5"
source = { registry = "https://pypi.org/simple" }
sdist = { url = "https://files.pythonhosted.org/packages/f3/85/c8e12473c93018f92d19dd988a294202e1c27426c47ec4de53ffb847b8d8/ruff-0.16.5.tar.gz", hash = "sha256:1b88500f9ffbcab3dedb0082c9f9492e91ec3d618aac1236a3e0189938f7040b", size = 4912003, upload-time = "2026-08-27T16:34:18.258Z" }
wheels = [
    { url = "https://files.pythonhosted.org/packages/c6/b6/77c90a970fe2dae17a723acbd011043ea97c98d7deacccefdc4ba74ec512/ruff-0.16.5-py3-none-linux_armv6l.whl", hash = "sha256:12e5f673e774c35fbb62f288809c7653b73445f8ecec6b6063fd6ea3521aa14b", size = 10011941, upload-time = "2026-08-27T16:33:41.287Z" },
    { url = "https://files.pythonhosted.org/packages/4b/46/6cf67cf6411885a1d6f7f6d801682f155536a85176d10b605e2ceffed8bd/ruff-0.16.5-py3-none-macosx_10_12_x86_64.whl", hash = "sha256:eda58a5802de40e7ed5b32b64e0b32539338cc6fcd2c78f61e3ad6a0d79f51c3", size = 10204049, upload-time = "2026-08-27T16:33:44.056Z" },
    { url = "https://files.pythonhosted.org/packages/46/fd/c8720ca7a090abf0c2fef4abe8a5ef6e5127ed15196d8886ff75a2b370e2/ruff-0.16.5-py3-none-macosx_11_0_arm64.whl", hash = "sha256:c5ae9a7b9a8875131f40f8fe967cc86abf899779efd663cb7ce3d572d01da7eb", size = 9809037, upload-time = "2026-08-27T16:33:46.257Z" },
    { url = "https://files.pythonhosted.org/packages/43/45/a684caacdedaca180f52bacccc40bf0789d2c5a7c75f25324853e9eaedb5/ruff-0.16.5-py3-none-manylinux_2_17_aarch64.manylinux2014_aarch64.whl", hash = "sha256:7b719b0a1f4d59710d283ab2965f621684a108a9e41da622e3b23f0326cd0025", size = 9964129, upload-time = "2026-08-27T16:33:48.352Z" },
    { url = "https://files.pythonhosted.org/packages/9e/f2/5d2bcdaca6b5b93d1b4dfc166cd2aebf7680143a1b38a28759df13a94d31/ruff-0.16.5-py3-none-manylinux_2_17_armv7l.manylinux2014_armv7l.whl", hash = "sha256:2298f2780ed1be0c5cb1361e32ab7b1467f3cce7dabe101d2210a314f2fe42e9", size = 9821518, upload-time = "2026-08-27T16:33:50.57Z" },
    { url = "https://files.pythonhosted.org/packages/aa/ff/011cce29accf9257d5974145b733fc653a37985ed6825413a3987cefbfe0/ruff-0.16.5-py3-none-manylinux_2_17_i686.manylinux2014_i686.whl", hash = "sha256:258f29035a2dd021e7861e631b227a5b3f14e50c1184c9a6a122c5f4576154d7", size = 10534835, upload-time = "2026-08-27T16:33:52.522Z" },
    { url = "https://files.pythonhosted.org/packages/d7/5a/f0cf109bada9bba0e96c90c21c9f9251803f57225c32d293327a03c710d6/ruff-0.16.5-py3-none-manylinux_2_17_ppc64le.manylinux2014_ppc64le.whl", hash = "sha256:b9a4f0432966834019c74d1b7e5c51224305d7713f3d7faf3e7451f1a3be3cde", size = 11252550, upload-time = "2026-08-27T16:33:54.521Z" },
    { url = "https://files.pythonhosted.org/packages/63/4d/1d481aaea2046c6a7ed7c291f9004c669cce3c087b6b376ed5b08271e3fe/ruff-0.16.5-py3-none-manylinux_2_17_s390x.manylinux2014_s390x.whl", hash = "sha256:b5eb3a8c3d0ade9cea42b591fd530368e8798380e30e0a308b85a5cf718f09ea", size = 10777949, upload-time = "2026-08-27T16:33:56.88Z" },
    { url = "https://files.pythonhosted.org/packages/ee/34/ee245ca55f64443233034b3d02b03236b19242004281247c079390b7facd/ruff-0.16.5-py3-none-manylinux_2_17_x86_64.manylinux2014_x86_64.whl", hash = "sha256:ef0f69e191a13a3c9816f63163c88790cb12cd157bbbb384e9c44745702ab105", size = 10311656, upload-time = "2026-08-27T16:33:59.12Z" },
    { url = "https://files.pythonhosted.org/packages/a7/4d/c33a333e341c0a2b96c715b52d89a606f5a34cd4ac493cd9b8d0187186b8/ruff-0.16.5-py3-none-manylinux_2_31_riscv64.whl", hash = "sha256:0eeab41fbea2c42f98dfb9822cdccda9d24ba38d49f6dc945b5c236d48f0ef29", size = 10532125, upload-time = "2026-08-27T16:34:01.166Z" },
    { url = "https://files.pythonhosted.org/packages/30/e1/a64cef78b40192497bb98a27a8aa8f2c98ee9ee15bc97f7712d94ef32937/ruff-0.16.5-py3-none-musllinux_1_2_aarch64.whl", hash = "sha256:f0768e9df4300713fff30733c87575f68b6f1d8de41184e505b7fdd9c0c95eaf", size = 10097648, upload-time = "2026-08-27T16:34:03.16Z" },
    { url = "https://files.pythonhosted.org/packages/cc/4e/4cdc9ed3c3e109d2f71e62572a37457298d7bc7501ec3138babb7ed32bbd/ruff-0.16.5-py3-none-musllinux_1_2_armv7l.whl", hash = "sha256:95cc70cdc7aa80c338de356279d2adbeb2de0f520b9ecd8aba75b94e95e02f91", size = 9829344, upload-time = "2026-08-27T16:34:05.134Z" },
    { url = "https://files.pythonhosted.org/packages/39/4a/31ed35ce31729955fc583ee0d176d6e784c1290cb0b0a75cb2134c1ab72a/ruff-0.16.5-py3-none-musllinux_1_2_i686.whl", hash = "sha256:d185c8398ded1bfd91c0c2cb258346307571eccc473a8490af8c3977399c384a", size = 10277117, upload-time = "2026-08-27T16:34:07.425Z" },
    { url = "https://files.pythonhosted.org/packages/a8/a0/60356d86687b4b666d593df213f4dc3041750d024cb7bf2cfa81cfd65c2e/ruff-0.16.5-py3-none-musllinux_1_2_x86_64.whl", hash = "sha256:fb8e3a3c4c6a784150a7ced53b015f4b253fc2bf97a610886419ead64b4756ef", size = 10711653, upload-time = "2026-08-27T16:34:09.712Z" },
    { url = "https://files.pythonhosted.org/packages/ed/20/656d67f5b25ca9bda4e02b1de25867b2954e1d19e03648060f167ad0f4cc/ruff-0.16.5-py3-none-win32.whl", hash = "sha256:288b0a5f080492fe5635db849f9e2e84aa3cce7b7f0e955997d416c507c76a26", size = 10034250, upload-time = "2026-08-27T16:34:11.8Z" },
    { url = "https://files.pythonhosted.org/packages/5b/42/ee8e68a207b9127fcde6c3d7e197def432f346cb1af159e1fa14ca0d1cdc/ruff-0.16.5-py3-none-win_amd64.whl", hash = "sha256:ddc6385fb2137f616357ca03d6c74f4be987f80fed4008566b754f6032b8546f", size = 10516714, upload-time = "2026-08-27T16:34:13.963Z" },
    { url = "https://files.pythonhosted.org/packages/73/e3/7df5a396e445b9ba49ce9a9437439a4d80042c61c0ade199abf8d16de1ac/ruff-0.16.5-py3-none-win_arm64.whl", hash = "sha256:a64abe90968719b851bb7cedffaa8753fbdbdadab483089682db623f3edc587e", size = 10391564, upload-time = "2026-08-27T16:34:16.064Z" },
]

[[package]]
name = "sh"
version = "2.4.0"
source = { registry = "https://pypi.org/simple" }
sdist = { url = "https://files.pythonhosted.org/packages/e9/c8/137093889a8b8c9a66c9b46079cf2a0e155a8be027df212a4041e3b7b09c/sh-2.4.0.tar.gz", hash = "sha256:a250aef68509ed93419c9a1d90b0647cd5cbe26107ba94d3717ef5b6d595ffd9", size = 136950, upload-time = "2026-07-25T21:44:42.705Z" }
wheels = [
    { url = "https://files.pythonhosted.org/packages/23/dd/6b9aceecddbb3df894003d6a5005bd90bce3cf4743c28c406ebecc8d80f6/sh-2.4.0-py3-none-any.whl", hash = "sha256:98eba32eeb5ecdd310668737d7461e668afc42b273550d0bc198a1c5c2b1ab36", size = 48619, upload-time = "2026-07-25T21:44:41.216Z" },
]

[[package]]
name = "typing-extensions"
version = "4.16.0"
source = { registry = "https://pypi.org/simple" }
sdist = { url = "https://files.pythonhosted.org/packages/f6/cc/6253133b5bb138fc3306cebfbda2c520f545d36b5be2c7255cc528bb45d6/typing_extensions-4.16.0.tar.gz", hash = "sha256:dc983d19a509c94dba722ee6abd33940f7c05a89e243c47e907eb4db6f1a43e5", size = 113555, upload-time = "2026-07-02T08:40:05.92Z" }
wheels = [
    { url = "https://files.pythonhosted.org/packages/49/d3/b8441a820a491ddfc024b0b0cf0393375b75ea13866d9c66727e54c2fc80/typing_extensions-4.16.0-py3-none-any.whl", hash = "sha256:481caa481374e813c1b176ada14e97f1f67a4539ce9cfeb3f350d78d6370c2e8", size = 45571, upload-time = "2026-07-02T08:40:04.659Z" },
]

[[package]]
name = "typing-inspection"
version = "0.4.2"
source = { registry = "https://pypi.org/simple" }
dependencies = [
    { name = "typing-extensions" },
]
sdist = { url = "https://files.pythonhosted.org/packages/55/e3/70399cb7dd41c10ac53367ae42139cf4b1ca5f36bb3dc6c9d33acdb43655/typing_inspection-0.4.2.tar.gz", hash = "sha256:ba561c48a67c5958007083d386c3295464928b01faa735ab8547c5692e87f464", size = 75949, upload-time = "2025-10-01T02:14:41.687Z" }
wheels = [
    { url = "https://files.pythonhosted.org/packages/dc/9b/47798a6c91d8bdb567fe2698fe81e0c6b7cb7ef4d13da4114b41d239f65d/typing_inspection-0.4.2-py3-none-any.whl", hash = "sha256:4ed1cacbdc298c220f1bd249ed5287caa16f34d44ef4e9c3d0cbad5b521545e7", size = 14611, upload-time = "2025-10-01T02:14:40.154Z" },
]
